
Microsoft Visual Studio Solution File, Format Version 12.00
# Visual Studio 2013
Project("{FAE04EC0-301F-11D3-BF4B-00C04F79EFBC}") = "UnityVS.OBClient.CSharp", "UnityVS.OBClient.CSharp.csproj", "{56BF309D-F412-13E8-DA73-7BB984B803C4}"
EndProject
Project("{FAE04EC0-301F-11D3-BF4B-00C04F79EFBC}") = "UnityVS.OBClient.CSharp.Editor", "UnityVS.OBClient.CSharp.Editor.csproj", "{48316479-F05C-2CBB-49A7-3C5226F2A5C6}"
EndProject
Global
	GlobalSection(SolutionConfigurationPlatforms) = preSolution
		Debug|Any CPU = Debug|Any CPU
		Release|Any CPU = Release|Any CPU
	EndGlobalSection
	GlobalSection(ProjectConfigurationPlatforms) = postSolution
		{56BF309D-F412-13E8-DA73-7BB984B803C4}.Debug|Any CPU.ActiveCfg = Debug|Any CPU
		{56BF309D-F412-13E8-DA73-7BB984B803C4}.Debug|Any CPU.Build.0 = Debug|Any CPU
		{56BF309D-F412-13E8-DA73-7BB984B803C4}.Release|Any CPU.ActiveCfg = Release|Any CPU
		{56BF309D-F412-13E8-DA73-7BB984B803C4}.Release|Any CPU.Build.0 = Release|Any CPU
		{48316479-F05C-2CBB-49A7-3C5226F2A5C6}.Debug|Any CPU.ActiveCfg = Debug|Any CPU
		{48316479-F05C-2CBB-49A7-3C5226F2A5C6}.Debug|Any CPU.Build.0 = Debug|Any CPU
		{48316479-F05C-2CBB-49A7-3C5226F2A5C6}.Release|Any CPU.ActiveCfg = Release|Any CPU
		{48316479-F05C-2CBB-49A7-3C5226F2A5C6}.Release|Any CPU.Build.0 = Release|Any CPU
	EndGlobalSection
	GlobalSection(SolutionProperties) = preSolution
		HideSolutionNode = FALSE
	EndGlobalSection
EndGlobal
